
Microsoft Visual Studio Solution File, Format Version 12.00
# Visual Studio Version 16
VisualStudioVersion = 16.0.29123.89
MinimumVisualStudioVersion = 10.0.40219.1
Project("{9A19103F-16F7-4668-BE54-9A1E7A4F7556}") = "Nailpod.Data", "Nailpod.Data\Nailpod.Data.csproj", "{515A0883-D2D9-4B97-8D73-EE6FE9BC3F2B}"
EndProject
Project("{9A19103F-16F7-4668-BE54-9A1E7A4F7556}") = "Nailpod.ViewModels", "Nailpod.ViewModels\Nailpod.ViewModels.csproj", "{9CEE6144-0377-4F95-AC2D-FDC599B82ED9}"
EndProject
Project("{FAE04EC0-301F-11D3-BF4B-00C04F79EFBC}") = "NailpodManager.App", "NailpodManager.App\NailpodManager.App.csproj", "{88F4FCC9-4783-491E-BEF7-CA1C07DD18A8}"
EndProject
Project("{2150E333-8FDC-42A3-9474-1A3956D46DE8}") = "Libraries", "Libraries", "{5AC38810-8837-4093-8578-7D91C8AB922E}"
EndProject
Project("{9A19103F-16F7-4668-BE54-9A1E7A4F7556}") = "Nailpod.Http", "Nailpod.Http\Nailpod.Http.csproj", "{BE5506E5-7F6C-4C73-B77C-FB648A9AF48A}"
EndProject
Project("{FAE04EC0-301F-11D3-BF4B-00C04F79EFBC}") = "NailpodManager.Test", "NailpodManager.Test\NailpodManager.Test.csproj", "{86C96224-7DC7-4351-9606-4A63DF668C90}"
EndProject
Global
	GlobalSection(SolutionConfigurationPlatforms) = preSolution
		Debug|Any CPU = Debug|Any CPU
		Debug|ARM = Debug|ARM
		Debug|ARM64 = Debug|ARM64
		Debug|x64 = Debug|x64
		Debug|x86 = Debug|x86
		Release|Any CPU = Release|Any CPU
		Release|ARM = Release|ARM
		Release|ARM64 = Release|ARM64
		Release|x64 = Release|x64
		Release|x86 = Release|x86
	EndGlobalSection
	GlobalSection(ProjectConfigurationPlatforms) = postSolution
		{515A0883-D2D9-4B97-8D73-EE6FE9BC3F2B}.Debug|Any CPU.ActiveCfg = Debug|Any CPU
		{515A0883-D2D9-4B97-8D73-EE6FE9BC3F2B}.Debug|Any CPU.Build.0 = Debug|Any CPU
		{515A0883-D2D9-4B97-8D73-EE6FE9BC3F2B}.Debug|ARM.ActiveCfg = Debug|Any CPU
		{515A0883-D2D9-4B97-8D73-EE6FE9BC3F2B}.Debug|ARM.Build.0 = Debug|Any CPU
		{515A0883-D2D9-4B97-8D73-EE6FE9BC3F2B}.Debug|ARM64.ActiveCfg = Debug|Any CPU
		{515A0883-D2D9-4B97-8D73-EE6FE9BC3F2B}.Debug|ARM64.Build.0 = Debug|Any CPU
		{515A0883-D2D9-4B97-8D73-EE6FE9BC3F2B}.Debug|x64.ActiveCfg = Debug|x64
		{515A0883-D2D9-4B97-8D73-EE6FE9BC3F2B}.Debug|x64.Build.0 = Debug|x64
		{515A0883-D2D9-4B97-8D73-EE6FE9BC3F2B}.Debug|x86.ActiveCfg = Debug|x86
		{515A0883-D2D9-4B97-8D73-EE6FE9BC3F2B}.Debug|x86.Build.0 = Debug|x86
		{515A0883-D2D9-4B97-8D73-EE6FE9BC3F2B}.Release|Any CPU.ActiveCfg = Release|Any CPU
		{515A0883-D2D9-4B97-8D73-EE6FE9BC3F2B}.Release|Any CPU.Build.0 = Release|Any CPU
		{515A0883-D2D9-4B97-8D73-EE6FE9BC3F2B}.Release|ARM.ActiveCfg = Release|Any CPU
		{515A0883-D2D9-4B97-8D73-EE6FE9BC3F2B}.Release|ARM.Build.0 = Release|Any CPU
		{515A0883-D2D9-4B97-8D73-EE6FE9BC3F2B}.Release|ARM64.ActiveCfg = Release|Any CPU
		{515A0883-D2D9-4B97-8D73-EE6FE9BC3F2B}.Release|ARM64.Build.0 = Release|Any CPU
		{515A0883-D2D9-4B97-8D73-EE6FE9BC3F2B}.Release|x64.ActiveCfg = Release|Any CPU
		{515A0883-D2D9-4B97-8D73-EE6FE9BC3F2B}.Release|x64.Build.0 = Release|Any CPU
		{515A0883-D2D9-4B97-8D73-EE6FE9BC3F2B}.Release|x86.ActiveCfg = Release|Any CPU
		{515A0883-D2D9-4B97-8D73-EE6FE9BC3F2B}.Release|x86.Build.0 = Release|Any CPU
		{9CEE6144-0377-4F95-AC2D-FDC599B82ED9}.Debug|Any CPU.ActiveCfg = Debug|Any CPU
		{9CEE6144-0377-4F95-AC2D-FDC599B82ED9}.Debug|Any CPU.Build.0 = Debug|Any CPU
		{9CEE6144-0377-4F95-AC2D-FDC599B82ED9}.Debug|ARM.ActiveCfg = Debug|Any CPU
		{9CEE6144-0377-4F95-AC2D-FDC599B82ED9}.Debug|ARM.Build.0 = Debug|Any CPU
		{9CEE6144-0377-4F95-AC2D-FDC599B82ED9}.Debug|ARM64.ActiveCfg = Debug|Any CPU
		{9CEE6144-0377-4F95-AC2D-FDC599B82ED9}.Debug|ARM64.Build.0 = Debug|Any CPU
		{9CEE6144-0377-4F95-AC2D-FDC599B82ED9}.Debug|x64.ActiveCfg = Debug|x64
		{9CEE6144-0377-4F95-AC2D-FDC599B82ED9}.Debug|x64.Build.0 = Debug|x64
		{9CEE6144-0377-4F95-AC2D-FDC599B82ED9}.Debug|x86.ActiveCfg = Debug|x86
		{9CEE6144-0377-4F95-AC2D-FDC599B82ED9}.Debug|x86.Build.0 = Debug|x86
		{9CEE6144-0377-4F95-AC2D-FDC599B82ED9}.Release|Any CPU.ActiveCfg = Release|Any CPU
		{9CEE6144-0377-4F95-AC2D-FDC599B82ED9}.Release|Any CPU.Build.0 = Release|Any CPU
		{9CEE6144-0377-4F95-AC2D-FDC599B82ED9}.Release|ARM.ActiveCfg = Release|Any CPU
		{9CEE6144-0377-4F95-AC2D-FDC599B82ED9}.Release|ARM.Build.0 = Release|Any CPU
		{9CEE6144-0377-4F95-AC2D-FDC599B82ED9}.Release|ARM64.ActiveCfg = Release|Any CPU
		{9CEE6144-0377-4F95-AC2D-FDC599B82ED9}.Release|ARM64.Build.0 = Release|Any CPU
		{9CEE6144-0377-4F95-AC2D-FDC599B82ED9}.Release|x64.ActiveCfg = Release|Any CPU
		{9CEE6144-0377-4F95-AC2D-FDC599B82ED9}.Release|x64.Build.0 = Release|Any CPU
		{9CEE6144-0377-4F95-AC2D-FDC599B82ED9}.Release|x86.ActiveCfg = Release|Any CPU
		{9CEE6144-0377-4F95-AC2D-FDC599B82ED9}.Release|x86.Build.0 = Release|Any CPU
		{88F4FCC9-4783-491E-BEF7-CA1C07DD18A8}.Debug|Any CPU.ActiveCfg = Debug|x86
		{88F4FCC9-4783-491E-BEF7-CA1C07DD18A8}.Debug|ARM.ActiveCfg = Debug|ARM
		{88F4FCC9-4783-491E-BEF7-CA1C07DD18A8}.Debug|ARM.Build.0 = Debug|ARM
		{88F4FCC9-4783-491E-BEF7-CA1C07DD18A8}.Debug|ARM.Deploy.0 = Debug|ARM
		{88F4FCC9-4783-491E-BEF7-CA1C07DD18A8}.Debug|ARM64.ActiveCfg = Debug|x86
		{88F4FCC9-4783-491E-BEF7-CA1C07DD18A8}.Debug|x64.ActiveCfg = Debug|x64
		{88F4FCC9-4783-491E-BEF7-CA1C07DD18A8}.Debug|x64.Build.0 = Debug|x64
		{88F4FCC9-4783-491E-BEF7-CA1C07DD18A8}.Debug|x64.Deploy.0 = Debug|x64
		{88F4FCC9-4783-491E-BEF7-CA1C07DD18A8}.Debug|x86.ActiveCfg = Debug|x86
		{88F4FCC9-4783-491E-BEF7-CA1C07DD18A8}.Debug|x86.Build.0 = Debug|x86
		{88F4FCC9-4783-491E-BEF7-CA1C07DD18A8}.Debug|x86.Deploy.0 = Debug|x86
		{88F4FCC9-4783-491E-BEF7-CA1C07DD18A8}.Release|Any CPU.ActiveCfg = Release|x86
		{88F4FCC9-4783-491E-BEF7-CA1C07DD18A8}.Release|ARM.ActiveCfg = Release|ARM
		{88F4FCC9-4783-491E-BEF7-CA1C07DD18A8}.Release|ARM.Build.0 = Release|ARM
		{88F4FCC9-4783-491E-BEF7-CA1C07DD18A8}.Release|ARM.Deploy.0 = Release|ARM
		{88F4FCC9-4783-491E-BEF7-CA1C07DD18A8}.Release|ARM64.ActiveCfg = Release|x86
		{88F4FCC9-4783-491E-BEF7-CA1C07DD18A8}.Release|x64.ActiveCfg = Release|x64
		{88F4FCC9-4783-491E-BEF7-CA1C07DD18A8}.Release|x64.Build.0 = Release|x64
		{88F4FCC9-4783-491E-BEF7-CA1C07DD18A8}.Release|x64.Deploy.0 = Release|x64
		{88F4FCC9-4783-491E-BEF7-CA1C07DD18A8}.Release|x86.ActiveCfg = Release|x86
		{88F4FCC9-4783-491E-BEF7-CA1C07DD18A8}.Release|x86.Build.0 = Release|x86
		{88F4FCC9-4783-491E-BEF7-CA1C07DD18A8}.Release|x86.Deploy.0 = Release|x86
		{BE5506E5-7F6C-4C73-B77C-FB648A9AF48A}.Debug|Any CPU.ActiveCfg = Debug|Any CPU
		{BE5506E5-7F6C-4C73-B77C-FB648A9AF48A}.Debug|Any CPU.Build.0 = Debug|Any CPU
		{BE5506E5-7F6C-4C73-B77C-FB648A9AF48A}.Debug|ARM.ActiveCfg = Debug|Any CPU
		{BE5506E5-7F6C-4C73-B77C-FB648A9AF48A}.Debug|ARM.Build.0 = Debug|Any CPU
		{BE5506E5-7F6C-4C73-B77C-FB648A9AF48A}.Debug|ARM64.ActiveCfg = Debug|Any CPU
		{BE5506E5-7F6C-4C73-B77C-FB648A9AF48A}.Debug|ARM64.Build.0 = Debug|Any CPU
		{BE5506E5-7F6C-4C73-B77C-FB648A9AF48A}.Debug|x64.ActiveCfg = Debug|x64
		{BE5506E5-7F6C-4C73-B77C-FB648A9AF48A}.Debug|x64.Build.0 = Debug|x64
		{BE5506E5-7F6C-4C73-B77C-FB648A9AF48A}.Debug|x86.ActiveCfg = Debug|Any CPU
		{BE5506E5-7F6C-4C73-B77C-FB648A9AF48A}.Debug|x86.Build.0 = Debug|Any CPU
		{BE5506E5-7F6C-4C73-B77C-FB648A9AF48A}.Release|Any CPU.ActiveCfg = Release|Any CPU
		{BE5506E5-7F6C-4C73-B77C-FB648A9AF48A}.Release|Any CPU.Build.0 = Release|Any CPU
		{BE5506E5-7F6C-4C73-B77C-FB648A9AF48A}.Release|ARM.ActiveCfg = Release|Any CPU
		{BE5506E5-7F6C-4C73-B77C-FB648A9AF48A}.Release|ARM.Build.0 = Release|Any CPU
		{BE5506E5-7F6C-4C73-B77C-FB648A9AF48A}.Release|ARM64.ActiveCfg = Release|Any CPU
		{BE5506E5-7F6C-4C73-B77C-FB648A9AF48A}.Release|ARM64.Build.0 = Release|Any CPU
		{BE5506E5-7F6C-4C73-B77C-FB648A9AF48A}.Release|x64.ActiveCfg = Release|Any CPU
		{BE5506E5-7F6C-4C73-B77C-FB648A9AF48A}.Release|x64.Build.0 = Release|Any CPU
		{BE5506E5-7F6C-4C73-B77C-FB648A9AF48A}.Release|x86.ActiveCfg = Release|Any CPU
		{BE5506E5-7F6C-4C73-B77C-FB648A9AF48A}.Release|x86.Build.0 = Release|Any CPU
		{86C96224-7DC7-4351-9606-4A63DF668C90}.Debug|Any CPU.ActiveCfg = Debug|x86
		{86C96224-7DC7-4351-9606-4A63DF668C90}.Debug|ARM.ActiveCfg = Debug|ARM
		{86C96224-7DC7-4351-9606-4A63DF668C90}.Debug|ARM.Build.0 = Debug|ARM
		{86C96224-7DC7-4351-9606-4A63DF668C90}.Debug|ARM.Deploy.0 = Debug|ARM
		{86C96224-7DC7-4351-9606-4A63DF668C90}.Debug|ARM64.ActiveCfg = Debug|ARM64
		{86C96224-7DC7-4351-9606-4A63DF668C90}.Debug|ARM64.Build.0 = Debug|ARM64
		{86C96224-7DC7-4351-9606-4A63DF668C90}.Debug|ARM64.Deploy.0 = Debug|ARM64
		{86C96224-7DC7-4351-9606-4A63DF668C90}.Debug|x64.ActiveCfg = Debug|x64
		{86C96224-7DC7-4351-9606-4A63DF668C90}.Debug|x64.Build.0 = Debug|x64
		{86C96224-7DC7-4351-9606-4A63DF668C90}.Debug|x64.Deploy.0 = Debug|x64
		{86C96224-7DC7-4351-9606-4A63DF668C90}.Debug|x86.ActiveCfg = Debug|x86
		{86C96224-7DC7-4351-9606-4A63DF668C90}.Debug|x86.Build.0 = Debug|x86
		{86C96224-7DC7-4351-9606-4A63DF668C90}.Debug|x86.Deploy.0 = Debug|x86
		{86C96224-7DC7-4351-9606-4A63DF668C90}.Release|Any CPU.ActiveCfg = Release|x86
		{86C96224-7DC7-4351-9606-4A63DF668C90}.Release|ARM.ActiveCfg = Release|ARM
		{86C96224-7DC7-4351-9606-4A63DF668C90}.Release|ARM.Build.0 = Release|ARM
		{86C96224-7DC7-4351-9606-4A63DF668C90}.Release|ARM.Deploy.0 = Release|ARM
		{86C96224-7DC7-4351-9606-4A63DF668C90}.Release|ARM64.ActiveCfg = Release|ARM64
		{86C96224-7DC7-4351-9606-4A63DF668C90}.Release|ARM64.Build.0 = Release|ARM64
		{86C96224-7DC7-4351-9606-4A63DF668C90}.Release|ARM64.Deploy.0 = Release|ARM64
		{86C96224-7DC7-4351-9606-4A63DF668C90}.Release|x64.ActiveCfg = Release|x64
		{86C96224-7DC7-4351-9606-4A63DF668C90}.Release|x64.Build.0 = Release|x64
		{86C96224-7DC7-4351-9606-4A63DF668C90}.Release|x64.Deploy.0 = Release|x64
		{86C96224-7DC7-4351-9606-4A63DF668C90}.Release|x86.ActiveCfg = Release|x86
		{86C96224-7DC7-4351-9606-4A63DF668C90}.Release|x86.Build.0 = Release|x86
		{86C96224-7DC7-4351-9606-4A63DF668C90}.Release|x86.Deploy.0 = Release|x86
	EndGlobalSection
	GlobalSection(SolutionProperties) = preSolution
		HideSolutionNode = FALSE
	EndGlobalSection
	GlobalSection(NestedProjects) = preSolution
		{515A0883-D2D9-4B97-8D73-EE6FE9BC3F2B} = {5AC38810-8837-4093-8578-7D91C8AB922E}
		{9CEE6144-0377-4F95-AC2D-FDC599B82ED9} = {5AC38810-8837-4093-8578-7D91C8AB922E}
		{BE5506E5-7F6C-4C73-B77C-FB648A9AF48A} = {5AC38810-8837-4093-8578-7D91C8AB922E}
	EndGlobalSection
	GlobalSection(ExtensibilityGlobals) = postSolution
		SolutionGuid = {FD3F8CAA-A45D-4315-B28E-E0F80BBE61B2}
	EndGlobalSection
EndGlobal
